// !$*UTF8*$!
{
	archiveVersion = 1;
	classes = {
	};
	objectVersion = 48;
	objects = {

/* Begin PBXBuildFile section */
		74A868D41F9BABB100DD0A77 /* AppDelegate.swift in Sources */ = {isa = PBXBuildFile; fileRef = 74A868D31F9BABB100DD0A77 /* AppDelegate.swift */; };
		74A868D61F9BABB100DD0A77 /* ViewController.swift in Sources */ = {isa = PBXBuildFile; fileRef = 74A868D51F9BABB100DD0A77 /* ViewController.swift */; };
		74A868D91F9BABB100DD0A77 /* Main.storyboard in Resources */ = {isa = PBXBuildFile; fileRef = 74A868D71F9BABB100DD0A77 /* Main.storyboard */; };
		74A868DB1F9BABB100DD0A77 /* Assets.xcassets in Resources */ = {isa = PBXBuildFile; fileRef = 74A868DA1F9BABB100DD0A77 /* Assets.xcassets */; };
		74A868DE1F9BABB100DD0A77 /* LaunchScreen.storyboard in Resources */ = {isa = PBXBuildFile; fileRef = 74A868DC1F9BABB100DD0A77 /* LaunchScreen.storyboard */; };
		74A868FF1F9BB12000DD0A77 /* SQLite.framework in Frameworks */ = {isa = PBXBuildFile; fileRef = 74A868F01F9BB09B00DD0A77 /* SQLite.framework */; };
		74A869041F9BB24A00DD0A77 /* SQLite.framework in Frameworks */ = {isa = PBXBuildFile; fileRef = 74A868F01F9BB09B00DD0A77 /* SQLite.framework */; };
		74A869051F9BB24A00DD0A77 /* SQLite.framework in Embed Frameworks */ = {isa = PBXBuildFile; fileRef = 74A868F01F9BB09B00DD0A77 /* SQLite.framework */; settings = {ATTRIBUTES = (CodeSignOnCopy, RemoveHeadersOnCopy, ); }; };
/* End PBXBuildFile section */

/* Begin PBXContainerItemProxy section */
		74A868EF1F9BB09B00DD0A77 /* PBXContainerItemProxy */ = {
			isa = PBXContainerItemProxy;
			containerPortal = 74A868E51F9BB09B00DD0A77 /* SQLite.xcodeproj */;
			proxyType = 2;
			remoteGlobalIDString = EE247AD31C3F04ED00AE3E12;
			remoteInfo = "SQLite iOS";
		};
		74A868F11F9BB09B00DD0A77 /* PBXContainerItemProxy */ = {
			isa = PBXContainerItemProxy;
			containerPortal = 74A868E51F9BB09B00DD0A77 /* SQLite.xcodeproj */;
			proxyType = 2;
			remoteGlobalIDString = EE247ADD1C3F04ED00AE3E12;
			remoteInfo = "SQLiteTests iOS";
		};
		74A868F31F9BB09B00DD0A77 /* PBXContainerItemProxy */ = {
			isa = PBXContainerItemProxy;
			containerPortal = 74A868E51F9BB09B00DD0A77 /* SQLite.xcodeproj */;
			proxyType = 2;
			remoteGlobalIDString = EE247B3C1C3F3ED000AE3E12;
			remoteInfo = "SQLite Mac";
		};
		74A868F51F9BB09B00DD0A77 /* PBXContainerItemProxy */ = {
			isa = PBXContainerItemProxy;
			containerPortal = 74A868E51F9BB09B00DD0A77 /* SQLite.xcodeproj */;
			proxyType = 2;
			remoteGlobalIDString = EE247B451C3F3ED000AE3E12;
			remoteInfo = "SQLiteTests Mac";
		};
		74A868F71F9BB09B00DD0A77 /* PBXContainerItemProxy */ = {
			isa = PBXContainerItemProxy;
			containerPortal = 74A868E51F9BB09B00DD0A77 /* SQLite.xcodeproj */;
			proxyType = 2;
			remoteGlobalIDString = 03A65E5A1C6BB0F50062603F;
			remoteInfo = "SQLite tvOS";
		};
		74A868F91F9BB09B00DD0A77 /* PBXContainerItemProxy */ = {
			isa = PBXContainerItemProxy;
			containerPortal = 74A868E51F9BB09B00DD0A77 /* SQLite.xcodeproj */;
			proxyType = 2;
			remoteGlobalIDString = 03A65E631C6BB0F60062603F;
			remoteInfo = "SQLiteTests tvOS";
		};
		74A868FB1F9BB09B00DD0A77 /* PBXContainerItemProxy */ = {
			isa = PBXContainerItemProxy;
			containerPortal = 74A868E51F9BB09B00DD0A77 /* SQLite.xcodeproj */;
			proxyType = 2;
			remoteGlobalIDString = A121AC451CA35C79005A31D1;
			remoteInfo = "SQLite watchOS";
		};
		74A869061F9BB24A00DD0A77 /* PBXContainerItemProxy */ = {
			isa = PBXContainerItemProxy;
			containerPortal = 74A868E51F9BB09B00DD0A77 /* SQLite.xcodeproj */;
			proxyType = 1;
			remoteGlobalIDString = EE247AD21C3F04ED00AE3E12;
			remoteInfo = "SQLite iOS";
		};
/* End PBXContainerItemProxy section */

/* Begin PBXCopyFilesBuildPhase section */
		74A869081F9BB24A00DD0A77 /* Embed Frameworks */ = {
			isa = PBXCopyFilesBuildPhase;
			buildActionMask = 2147483647;
			dstPath = "";
			dstSubfolderSpec = 10;
			files = (
				74A869051F9BB24A00DD0A77 /* SQLite.framework in Embed Frameworks */,
			);
			name = "Embed Frameworks";
			runOnlyForDeploymentPostprocessing = 0;
		};
/* End PBXCopyFilesBuildPhase section */

/* Begin PBXFileReference section */
		74A868D01F9BABB100DD0A77 /* CarService.app */ = {isa = PBXFileReference; explicitFileType = wrapper.application; includeInIndex = 0; path = CarService.app; sourceTree = BUILT_PRODUCTS_DIR; };
		74A868D31F9BABB100DD0A77 /* AppDelegate.swift */ = {isa = PBXFileReference; lastKnownFileType = sourcecode.swift; path = AppDelegate.swift; sourceTree = "<group>"; };
		74A868D51F9BABB100DD0A77 /* ViewController.swift */ = {isa = PBXFileReference; lastKnownFileType = sourcecode.swift; path = ViewController.swift; sourceTree = "<group>"; };
		74A868D81F9BABB100DD0A77 /* Base */ = {isa = PBXFileReference; lastKnownFileType = file.storyboard; name = Base; path = Base.lproj/Main.storyboard; sourceTree = "<group>"; };
		74A868DA1F9BABB100DD0A77 /* Assets.xcassets */ = {isa = PBXFileReference; lastKnownFileType = folder.assetcatalog; path = Assets.xcassets; sourceTree = "<group>"; };
		74A868DD1F9BABB100DD0A77 /* Base */ = {isa = PBXFileReference; lastKnownFileType = file.storyboard; name = Base; path = Base.lproj/LaunchScreen.storyboard; sourceTree = "<group>"; };
		74A868DF1F9BABB100DD0A77 /* Info.plist */ = {isa = PBXFileReference; lastKnownFileType = text.plist.xml; path = Info.plist; sourceTree = "<group>"; };
		74A868E51F9BB09B00DD0A77 /* SQLite.xcodeproj */ = {isa = PBXFileReference; lastKnownFileType = "wrapper.pb-project"; name = SQLite.xcodeproj; path = "../../Downloads/SQLite.swift-master 2/SQLite.xcodeproj"; sourceTree = "<group>"; };
/* End PBXFileReference section */

/* Begin PBXFrameworksBuildPhase section */
		74A868CD1F9BABB100DD0A77 /* Frameworks */ = {
			isa = PBXFrameworksBuildPhase;
			buildActionMask = 2147483647;
			files = (
				74A869041F9BB24A00DD0A77 /* SQLite.framework in Frameworks */,
				74A868FF1F9BB12000DD0A77 /* SQLite.framework in Frameworks */,
			);
			runOnlyForDeploymentPostprocessing = 0;
		};
/* End PBXFrameworksBuildPhase section */

/* Begin PBXGroup section */
		74A868C71F9BABB000DD0A77 = {
			isa = PBXGroup;
			children = (
				74A868D21F9BABB100DD0A77 /* CarService */,
				74A868D11F9BABB100DD0A77 /* Products */,
				74A868E51F9BB09B00DD0A77 /* SQLite.xcodeproj */,
				74A868FD1F9BB0E200DD0A77 /* Frameworks */,
			);
			sourceTree = "<group>";
		};
		74A868D11F9BABB100DD0A77 /* Products */ = {
			isa = PBXGroup;
			children = (
				74A868D01F9BABB100DD0A77 /* CarService.app */,
			);
			name = Products;
			sourceTree = "<group>";
		};
		74A868D21F9BABB100DD0A77 /* CarService */ = {
			isa = PBXGroup;
			children = (
				74A868D31F9BABB100DD0A77 /* AppDelegate.swift */,
				74A868D51F9BABB100DD0A77 /* ViewController.swift */,
				74A868D71F9BABB100DD0A77 /* Main.storyboard */,
				74A868DA1F9BABB100DD0A77 /* Assets.xcassets */,
				74A868DC1F9BABB100DD0A77 /* LaunchScreen.storyboard */,
				74A868DF1F9BABB100DD0A77 /* Info.plist */,
			);
			path = CarService;
			sourceTree = "<group>";
		};
		74A868E61F9BB09B00DD0A77 /* Products */ = {
			isa = PBXGroup;
			children = (
				74A868F01F9BB09B00DD0A77 /* SQLite.framework */,
				74A868F21F9BB09B00DD0A77 /* SQLiteTests iOS.xctest */,
				74A868F41F9BB09B00DD0A77 /* SQLite.framework */,
				74A868F61F9BB09B00DD0A77 /* SQLiteTests Mac.xctest */,
				74A868F81F9BB09B00DD0A77 /* SQLite.framework */,
				74A868FA1F9BB09B00DD0A77 /* SQLiteTests tvOS.xctest */,
				74A868FC1F9BB09B00DD0A77 /* SQLite.framework */,
			);
			name = Products;
			sourceTree = "<group>";
		};
		74A868FD1F9BB0E200DD0A77 /* Frameworks */ = {
			isa = PBXGroup;
			children = (
			);
			name = Frameworks;
			sourceTree = "<group>";
		};
/* End PBXGroup section */

/* Begin PBXNativeTarget section */
		74A868CF1F9BABB100DD0A77 /* CarService */ = {
			isa = PBXNativeTarget;
			buildConfigurationList = 74A868E21F9BABB100DD0A77 /* Build configuration list for PBXNativeTarget "CarService" */;
			buildPhases = (
				74A868CC1F9BABB100DD0A77 /* Sources */,
				74A868CD1F9BABB100DD0A77 /* Frameworks */,
				74A868CE1F9BABB100DD0A77 /* Resources */,
				74A869081F9BB24A00DD0A77 /* Embed Frameworks */,
			);
			buildRules = (
			);
			dependencies = (
				74A869071F9BB24A00DD0A77 /* PBXTargetDependency */,
			);
			name = CarService;
			productName = CarService;
			productReference = 74A868D01F9BABB100DD0A77 /* CarService.app */;
			productType = "com.apple.product-type.application";
		};
/* End PBXNativeTarget section */

/* Begin PBXProject section */
		74A868C81F9BABB000DD0A77 /* Project object */ = {
			isa = PBXProject;
			attributes = {
				LastSwiftUpdateCheck = 0900;
				LastUpgradeCheck = 0900;
				ORGANIZATIONNAME = Egor;
				TargetAttributes = {
					74A868CF1F9BABB100DD0A77 = {
						CreatedOnToolsVersion = 9.0;
						ProvisioningStyle = Automatic;
					};
				};
			};
			buildConfigurationList = 74A868CB1F9BABB000DD0A77 /* Build configuration list for PBXProject "CarService" */;
			compatibilityVersion = "Xcode 8.0";
			developmentRegion = en;
			hasScannedForEncodings = 0;
			knownRegions = (
				en,
				Base,
			);
			mainGroup = 74A868C71F9BABB000DD0A77;
			productRefGroup = 74A868D11F9BABB100DD0A77 /* Products */;
			projectDirPath = "";
			projectReferences = (
				{
					ProductGroup = 74A868E61F9BB09B00DD0A77 /* Products */;
					ProjectRef = 74A868E51F9BB09B00DD0A77 /* SQLite.xcodeproj */;
				},
			);
			projectRoot = "";
			targets = (
				74A868CF1F9BABB100DD0A77 /* CarService */,
			);
		};
/* End PBXProject section */

/* Begin PBXReferenceProxy section */
		74A868F01F9BB09B00DD0A77 /* SQLite.framework */ = {
			isa = PBXReferenceProxy;
			fileType = wrapper.framework;
			path = SQLite.framework;
			remoteRef = 74A868EF1F9BB09B00DD0A77 /* PBXContainerItemProxy */;
			sourceTree = BUILT_PRODUCTS_DIR;
		};
		74A868F21F9BB09B00DD0A77 /* SQLiteTests iOS.xctest */ = {
			isa = PBXReferenceProxy;
			fileType = wrapper.cfbundle;
			path = "SQLiteTests iOS.xctest";
			remoteRef = 74A868F11F9BB09B00DD0A77 /* PBXContainerItemProxy */;
			sourceTree = BUILT_PRODUCTS_DIR;
		};
		74A868F41F9BB09B00DD0A77 /* SQLite.framework */ = {
			isa = PBXReferenceProxy;
			fileType = wrapper.framework;
			path = SQLite.framework;
			remoteRef = 74A868F31F9BB09B00DD0A77 /* PBXContainerItemProxy */;
			sourceTree = BUILT_PRODUCTS_DIR;
		};
		74A868F61F9BB09B00DD0A77 /* SQLiteTests Mac.xctest */ = {
			isa = PBXReferenceProxy;
			fileType = wrapper.cfbundle;
			path = "SQLiteTests Mac.xctest";
			remoteRef = 74A868F51F9BB09B00DD0A77 /* PBXContainerItemProxy */;
			sourceTree = BUILT_PRODUCTS_DIR;
		};
		74A868F81F9BB09B00DD0A77 /* SQLite.framework */ = {
			isa = PBXReferenceProxy;
			fileType = wrapper.framework;
			path = SQLite.framework;
			remoteRef = 74A868F71F9BB09B00DD0A77 /* PBXContainerItemProxy */;
			sourceTree = BUILT_PRODUCTS_DIR;
		};
		74A868FA1F9BB09B00DD0A77 /* SQLiteTests tvOS.xctest */ = {
			isa = PBXReferenceProxy;
			fileType = wrapper.cfbundle;
			path = "SQLiteTests tvOS.xctest";
			remoteRef = 74A868F91F9BB09B00DD0A77 /* PBXContainerItemProxy */;
			sourceTree = BUILT_PRODUCTS_DIR;
		};
		74A868FC1F9BB09B00DD0A77 /* SQLite.framework */ = {
			isa = PBXReferenceProxy;
			fileType = wrapper.framework;
			path = SQLite.framework;
			remoteRef = 74A868FB1F9BB09B00DD0A77 /* PBXContainerItemProxy */;
			sourceTree = BUILT_PRODUCTS_DIR;
		};
/* End PBXReferenceProxy section */

/* Begin PBXResourcesBuildPhase section */
		74A868CE1F9BABB100DD0A77 /* Resources */ = {
			isa = PBXResourcesBuildPhase;
			buildActionMask = 2147483647;
			files = (
				74A868DE1F9BABB100DD0A77 /* LaunchScreen.storyboard in Resources */,
				74A868DB1F9BABB100DD0A77 /* Assets.xcassets in Resources */,
				74A868D91F9BABB100DD0A77 /* Main.storyboard in Resources */,
			);
			runOnlyForDeploymentPostprocessing = 0;
		};
/* End PBXResourcesBuildPhase section */

/* Begin PBXSourcesBuildPhase section */
		74A868CC1F9BABB100DD0A77 /* Sources */ = {
			isa = PBXSourcesBuildPhase;
			buildActionMask = 2147483647;
			files = (
				74A868D61F9BABB100DD0A77 /* ViewController.swift in Sources */,
				74A868D41F9BABB100DD0A77 /* AppDelegate.swift in Sources */,
			);
			runOnlyForDeploymentPostprocessing = 0;
		};
/* End PBXSourcesBuildPhase section */

/* Begin PBXTargetDependency section */
		74A869071F9BB24A00DD0A77 /* PBXTargetDependency */ = {
			isa = PBXTargetDependency;
			name = "SQLite iOS";
			targetProxy = 74A869061F9BB24A00DD0A77 /* PBXContainerItemProxy */;
		};
/* End PBXTargetDependency section */

/* Begin PBXVariantGroup section */
		74A868D71F9BABB100DD0A77 /* Main.storyboard */ = {
			isa = PBXVariantGroup;
			children = (
				74A868D81F9BABB100DD0A77 /* Base */,
			);
			name = Main.storyboard;
			sourceTree = "<group>";
		};
		74A868DC1F9BABB100DD0A77 /* LaunchScreen.storyboard */ = {
			isa = PBXVariantGroup;
			children = (
				74A868DD1F9BABB100DD0A77 /* Base */,
			);
			name = LaunchScreen.storyboard;
			sourceTree = "<group>";
		};
/* End PBXVariantGroup section */

/* Begin XCBuildConfiguration section */
		74A868E01F9BABB100DD0A77 /* Debug */ = {
			isa = XCBuildConfiguration;
			buildSettings = {
				ALWAYS_SEARCH_USER_PATHS = NO;
				CLANG_ANALYZER_NONNULL = YES;
				CLANG_ANALYZER_NUMBER_OBJECT_CONVERSION = YES_AGGRESSIVE;
				CLANG_CXX_LANGUAGE_STANDARD = "gnu++14";
				CLANG_CXX_LIBRARY = "libc++";
				CLANG_ENABLE_MODULES = YES;
				CLANG_ENABLE_OBJC_ARC = YES;
				CLANG_WARN_BLOCK_CAPTURE_AUTORELEASING = YES;
				CLANG_WARN_BOOL_CONVERSION = YES;
				CLANG_WARN_COMMA = YES;
				CLANG_WARN_CONSTANT_CONVERSION = YES;
				CLANG_WARN_DIRECT_OBJC_ISA_USAGE = YES_ERROR;
				CLANG_WARN_DOCUMENTATION_COMMENTS = YES;
				CLANG_WARN_EMPTY_BODY = YES;
				CLANG_WARN_ENUM_CONVERSION = YES;
				CLANG_WARN_INFINITE_RECURSION = YES;
				CLANG_WARN_INT_CONVERSION = YES;
				CLANG_WARN_NON_LITERAL_NULL_CONVERSION = YES;
				CLANG_WARN_OBJC_LITERAL_CONVERSION = YES;
				CLANG_WARN_OBJC_ROOT_CLASS = YES_ERROR;
				CLANG_WARN_RANGE_LOOP_ANALYSIS = YES;
				CLANG_WARN_STRICT_PROTOTYPES = YES;
				CLANG_WARN_SUSPICIOUS_MOVE = YES;
				CLANG_WARN_UNGUARDED_AVAILABILITY = YES_AGGRESSIVE;
				CLANG_WARN_UNREACHABLE_CODE = YES;
				CLANG_WARN__DUPLICATE_METHOD_MATCH = YES;
				CODE_SIGN_IDENTITY = "iPhone Developer";
				COPY_PHASE_STRIP = NO;
				DEBUG_INFORMATION_FORMAT = dwarf;
				ENABLE_STRICT_OBJC_MSGSEND = YES;
				ENABLE_TESTABILITY = YES;
				GCC_C_LANGUAGE_STANDARD = gnu11;
				GCC_DYNAMIC_NO_PIC = NO;
				GCC_NO_COMMON_BLOCKS = YES;
				GCC_OPTIMIZATION_LEVEL = 0;
				GCC_PREPROCESSOR_DEFINITIONS = (
					"DEBUG=1",
					"$(inherited)",
				);
				GCC_WARN_64_TO_32_BIT_CONVERSION = YES;
				GCC_WARN_ABOUT_RETURN_TYPE = YES_ERROR;
				GCC_WARN_UNDECLARED_SELECTOR = YES;
				GCC_WARN_UNINITIALIZED_AUTOS = YES_AGGRESSIVE;
				GCC_WARN_UNUSED_FUNCTION = YES;
				GCC_WARN_UNUSED_VARIABLE = YES;
				IPHONEOS_DEPLOYMENT_TARGET = 11.0;
				MTL_ENABLE_DEBUG_INFO = YES;
				ONLY_ACTIVE_ARCH = YES;
				SDKROOT = iphoneos;
				SWIFT_ACTIVE_COMPILATION_CONDITIONS = DEBUG;
				SWIFT_OPTIMIZATION_LEVEL = "-Onone";
			};
			name = Debug;
		};
		74A868E11F9BABB100DD0A77 /* Release */ = {
			isa = XCBuildConfiguration;
			buildSettings = {
				ALWAYS_SEARCH_USER_PATHS = NO;
				CLANG_ANALYZER_NONNULL = YES;
				CLANG_ANALYZER_NUMBER_OBJECT_CONVERSION = YES_AGGRESSIVE;
				CLANG_CXX_LANGUAGE_STANDARD = "gnu++14";
				CLANG_CXX_LIBRARY = "libc++";
				CLANG_ENABLE_MODULES = YES;
				CLANG_ENABLE_OBJC_ARC = YES;
				CLANG_WARN_BLOCK_CAPTURE_AUTORELEASING = YES;
				CLANG_WARN_BOOL_CONVERSION = YES;
				CLANG_WARN_COMMA = YES;
				CLANG_WARN_CONSTANT_CONVERSION = YES;
				CLANG_WARN_DIRECT_OBJC_ISA_USAGE = YES_ERROR;
				CLANG_WARN_DOCUMENTATION_COMMENTS = YES;
				CLANG_WARN_EMPTY_BODY = YES;
				CLANG_WARN_ENUM_CONVERSION = YES;
				CLANG_WARN_INFINITE_RECURSION = YES;
				CLANG_WARN_INT_CONVERSION = YES;
				CLANG_WARN_NON_LITERAL_NULL_CONVERSION = YES;
				CLANG_WARN_OBJC_LITERAL_CONVERSION = YES;
				CLANG_WARN_OBJC_ROOT_CLASS = YES_ERROR;
				CLANG_WARN_RANGE_LOOP_ANALYSIS = YES;
				CLANG_WARN_STRICT_PROTOTYPES = YES;
				CLANG_WARN_SUSPICIOUS_MOVE = YES;
				CLANG_WARN_UNGUARDED_AVAILABILITY = YES_AGGRESSIVE;
				CLANG_WARN_UNREACHABLE_CODE = YES;
				CLANG_WARN__DUPLICATE_METHOD_MATCH = YES;
				CODE_SIGN_IDENTITY = "iPhone Developer";
				COPY_PHASE_STRIP = NO;
				DEBUG_INFORMATION_FORMAT = "dwarf-with-dsym";
				ENABLE_NS_ASSERTIONS = NO;
				ENABLE_STRICT_OBJC_MSGSEND = YES;
				GCC_C_LANGUAGE_STANDARD = gnu11;
				GCC_NO_COMMON_BLOCKS = YES;
				GCC_WARN_64_TO_32_BIT_CONVERSION = YES;
				GCC_WARN_ABOUT_RETURN_TYPE = YES_ERROR;
				GCC_WARN_UNDECLARED_SELECTOR = YES;
				GCC_WARN_UNINITIALIZED_AUTOS = YES_AGGRESSIVE;
				GCC_WARN_UNUSED_FUNCTION = YES;
				GCC_WARN_UNUSED_VARIABLE = YES;
				IPHONEOS_DEPLOYMENT_TARGET = 11.0;
				MTL_ENABLE_DEBUG_INFO = NO;
				SDKROOT = iphoneos;
				SWIFT_OPTIMIZATION_LEVEL = "-Owholemodule";
				VALIDATE_PRODUCT = YES;
			};
			name = Release;
		};
		74A868E31F9BABB100DD0A77 /* Debug */ = {
			isa = XCBuildConfiguration;
			buildSettings = {
				ALWAYS_EMBED_SWIFT_STANDARD_LIBRARIES = YES;
				ASSETCATALOG_COMPILER_APPICON_NAME = AppIcon;
				CODE_SIGN_STYLE = Automatic;
				DEVELOPMENT_TEAM = BB6356MAF8;
				INFOPLIST_FILE = CarService/Info.plist;
				LD_RUNPATH_SEARCH_PATHS = "$(inherited) @executable_path/Frameworks";
				PRODUCT_BUNDLE_IDENTIFIER = Egor.CarService;
				PRODUCT_NAME = "$(TARGET_NAME)";
				SWIFT_VERSION = 4.0;
				TARGETED_DEVICE_FAMILY = "1,2";
			};
			name = Debug;
		};
		74A868E41F9BABB100DD0A77 /* Release */ = {
			isa = XCBuildConfiguration;
			buildSettings = {
				ALWAYS_EMBED_SWIFT_STANDARD_LIBRARIES = YES;
				ASSETCATALOG_COMPILER_APPICON_NAME = AppIcon;
				CODE_SIGN_STYLE = Automatic;
				DEVELOPMENT_TEAM = BB6356MAF8;
				INFOPLIST_FILE = CarService/Info.plist;
				LD_RUNPATH_SEARCH_PATHS = "$(inherited) @executable_path/Frameworks";
				PRODUCT_BUNDLE_IDENTIFIER = Egor.CarService;
				PRODUCT_NAME = "$(TARGET_NAME)";
				SWIFT_VERSION = 4.0;
				TARGETED_DEVICE_FAMILY = "1,2";
			};
			name = Release;
		};
/* End XCBuildConfiguration section */

/* Begin XCConfigurationList section */
		74A868CB1F9BABB000DD0A77 /* Build configuration list for PBXProject "CarService" */ = {
			isa = XCConfigurationList;
			buildConfigurations = (
				74A868E01F9BABB100DD0A77 /* Debug */,
				74A868E11F9BABB100DD0A77 /* Release */,
			);
			defaultConfigurationIsVisible = 0;
			defaultConfigurationName = Release;
		};
		74A868E21F9BABB100DD0A77 /* Build configuration list for PBXNativeTarget "CarService" */ = {
			isa = XCConfigurationList;
			buildConfigurations = (
				74A868E31F9BABB100DD0A77 /* Debug */,
				74A868E41F9BABB100DD0A77 /* Release */,
			);
			defaultConfigurationIsVisible = 0;
			defaultConfigurationName = Release;
		};
/* End XCConfigurationList section */
	};
	rootObject = 74A868C81F9BABB000DD0A77 /* Project object */;
}
