// !$*UTF8*$!
{
	archiveVersion = 1;
	classes = {
	};
	objectVersion = 48;
	objects = {

/* Begin PBXBuildFile section */
		7418E62B1FCAA0000052864A /* Employee.storyboard in Resources */ = {isa = PBXBuildFile; fileRef = 7418E62A1FCAA0000052864A /* Employee.storyboard */; };
		741C7B9D1FD46EDA00489517 /* CategoryCell.swift in Sources */ = {isa = PBXBuildFile; fileRef = 741C7B9B1FD46EDA00489517 /* CategoryCell.swift */; };
		741C7B9E1FD46EDA00489517 /* CategoryCell.xib in Resources */ = {isa = PBXBuildFile; fileRef = 741C7B9C1FD46EDA00489517 /* CategoryCell.xib */; };
		742CFDAA1FC08D1F00142F30 /* DataBaseConnection.swift in Sources */ = {isa = PBXBuildFile; fileRef = 742CFDA91FC08D1F00142F30 /* DataBaseConnection.swift */; };
		742CFDAC1FC099AC00142F30 /* CarVC.swift in Sources */ = {isa = PBXBuildFile; fileRef = 742CFDAB1FC099AC00142F30 /* CarVC.swift */; };
		742CFDAF1FC0A1B700142F30 /* Constants.swift in Sources */ = {isa = PBXBuildFile; fileRef = 742CFDAE1FC0A1B700142F30 /* Constants.swift */; };
		7431605E1FB88FE600B9ABFE /* CarCell.swift in Sources */ = {isa = PBXBuildFile; fileRef = 7431605C1FB88FE600B9ABFE /* CarCell.swift */; };
		7431605F1FB88FE600B9ABFE /* CarCell.xib in Resources */ = {isa = PBXBuildFile; fileRef = 7431605D1FB88FE600B9ABFE /* CarCell.xib */; };
		7435178B1FD6E2F5005A6644 /* ServiceVC.swift in Sources */ = {isa = PBXBuildFile; fileRef = 7435178A1FD6E2F5005A6644 /* ServiceVC.swift */; };
		7435178D1FD6E30D005A6644 /* Service.storyboard in Resources */ = {isa = PBXBuildFile; fileRef = 7435178C1FD6E30D005A6644 /* Service.storyboard */; };
		743DCE0C1FCC89C700972141 /* AdminVC.swift in Sources */ = {isa = PBXBuildFile; fileRef = 743DCE0B1FCC89C700972141 /* AdminVC.swift */; };
		743E681E1FE1A86D002F2DD7 /* SQLite.framework in Frameworks */ = {isa = PBXBuildFile; fileRef = 743E68111FE1A82C002F2DD7 /* SQLite.framework */; };
		743E681F1FE1A86D002F2DD7 /* SQLite.framework in Embed Frameworks */ = {isa = PBXBuildFile; fileRef = 743E68111FE1A82C002F2DD7 /* SQLite.framework */; settings = {ATTRIBUTES = (CodeSignOnCopy, RemoveHeadersOnCopy, ); }; };
		74541BBD1FD53893008D6F0A /* ServiceTypeVC.swift in Sources */ = {isa = PBXBuildFile; fileRef = 74541BBC1FD53893008D6F0A /* ServiceTypeVC.swift */; };
		747A88411FCC8A6A00491AD7 /* EmployeeVC.swift in Sources */ = {isa = PBXBuildFile; fileRef = 747A88401FCC8A6A00491AD7 /* EmployeeVC.swift */; };
		747C4C7F1FDD5A050084812F /* ServiceCell.swift in Sources */ = {isa = PBXBuildFile; fileRef = 747C4C7D1FDD5A050084812F /* ServiceCell.swift */; };
		747C4C801FDD5A050084812F /* ServiceCell.xib in Resources */ = {isa = PBXBuildFile; fileRef = 747C4C7E1FDD5A050084812F /* ServiceCell.xib */; };
		7486EC361FC9890B00BA8BBF /* AdminRegisterVC.swift in Sources */ = {isa = PBXBuildFile; fileRef = 7486EC351FC9890B00BA8BBF /* AdminRegisterVC.swift */; };
		7486EC541FC9AD6C00BA8BBF /* Owner.storyboard in Resources */ = {isa = PBXBuildFile; fileRef = 7486EC531FC9AD6C00BA8BBF /* Owner.storyboard */; };
		74A0CF551FC1B18B00BF78DE /* UIViewController + SomethongGoWrongAlert.swift in Sources */ = {isa = PBXBuildFile; fileRef = 74A0CF541FC1B18B00BF78DE /* UIViewController + SomethongGoWrongAlert.swift */; };
		74A868D41F9BABB100DD0A77 /* AppDelegate.swift in Sources */ = {isa = PBXBuildFile; fileRef = 74A868D31F9BABB100DD0A77 /* AppDelegate.swift */; };
		74A868D91F9BABB100DD0A77 /* Main.storyboard in Resources */ = {isa = PBXBuildFile; fileRef = 74A868D71F9BABB100DD0A77 /* Main.storyboard */; };
		74A868DB1F9BABB100DD0A77 /* Assets.xcassets in Resources */ = {isa = PBXBuildFile; fileRef = 74A868DA1F9BABB100DD0A77 /* Assets.xcassets */; };
		74A868DE1F9BABB100DD0A77 /* LaunchScreen.storyboard in Resources */ = {isa = PBXBuildFile; fileRef = 74A868DC1F9BABB100DD0A77 /* LaunchScreen.storyboard */; };
		74A869101F9BB6F800DD0A77 /* Car.swift in Sources */ = {isa = PBXBuildFile; fileRef = 74A8690F1F9BB6F800DD0A77 /* Car.swift */; };
		74A869121F9BB71600DD0A77 /* Owner.swift in Sources */ = {isa = PBXBuildFile; fileRef = 74A869111F9BB71600DD0A77 /* Owner.swift */; };
		74A869141F9BB73100DD0A77 /* Service.swift in Sources */ = {isa = PBXBuildFile; fileRef = 74A869131F9BB73100DD0A77 /* Service.swift */; };
		74A869161F9BB74C00DD0A77 /* ServiceType.swift in Sources */ = {isa = PBXBuildFile; fileRef = 74A869151F9BB74C00DD0A77 /* ServiceType.swift */; };
		74A869181F9BB77D00DD0A77 /* Employee.swift in Sources */ = {isa = PBXBuildFile; fileRef = 74A869171F9BB77D00DD0A77 /* Employee.swift */; };
		74E20EDD1F9C9A8A0081E17B /* RegisterVC.swift in Sources */ = {isa = PBXBuildFile; fileRef = 74E20EDC1F9C9A8A0081E17B /* RegisterVC.swift */; };
		74E20EE71F9CAA7A0081E17B /* UIImage + Blob.swift in Sources */ = {isa = PBXBuildFile; fileRef = 74E20EE61F9CAA7A0081E17B /* UIImage + Blob.swift */; };
		74FAF46B1FAF359800BFF755 /* LoginVC.swift in Sources */ = {isa = PBXBuildFile; fileRef = 74FAF46A1FAF359800BFF755 /* LoginVC.swift */; };
		74FAF46D1FAF3C9C00BFF755 /* OwnerProfileVC.swift in Sources */ = {isa = PBXBuildFile; fileRef = 74FAF46C1FAF3C9C00BFF755 /* OwnerProfileVC.swift */; };
/* End PBXBuildFile section */

/* Begin PBXContainerItemProxy section */
		743E68101FE1A82C002F2DD7 /* PBXContainerItemProxy */ = {
			isa = PBXContainerItemProxy;
			containerPortal = 743E68061FE1A82C002F2DD7 /* SQLite.xcodeproj */;
			proxyType = 2;
			remoteGlobalIDString = EE247AD31C3F04ED00AE3E12;
			remoteInfo = "SQLite iOS";
		};
		743E68121FE1A82C002F2DD7 /* PBXContainerItemProxy */ = {
			isa = PBXContainerItemProxy;
			containerPortal = 743E68061FE1A82C002F2DD7 /* SQLite.xcodeproj */;
			proxyType = 2;
			remoteGlobalIDString = EE247ADD1C3F04ED00AE3E12;
			remoteInfo = "SQLiteTests iOS";
		};
		743E68141FE1A82C002F2DD7 /* PBXContainerItemProxy */ = {
			isa = PBXContainerItemProxy;
			containerPortal = 743E68061FE1A82C002F2DD7 /* SQLite.xcodeproj */;
			proxyType = 2;
			remoteGlobalIDString = EE247B3C1C3F3ED000AE3E12;
			remoteInfo = "SQLite Mac";
		};
		743E68161FE1A82C002F2DD7 /* PBXContainerItemProxy */ = {
			isa = PBXContainerItemProxy;
			containerPortal = 743E68061FE1A82C002F2DD7 /* SQLite.xcodeproj */;
			proxyType = 2;
			remoteGlobalIDString = EE247B451C3F3ED000AE3E12;
			remoteInfo = "SQLiteTests Mac";
		};
		743E68181FE1A82C002F2DD7 /* PBXContainerItemProxy */ = {
			isa = PBXContainerItemProxy;
			containerPortal = 743E68061FE1A82C002F2DD7 /* SQLite.xcodeproj */;
			proxyType = 2;
			remoteGlobalIDString = 03A65E5A1C6BB0F50062603F;
			remoteInfo = "SQLite tvOS";
		};
		743E681A1FE1A82C002F2DD7 /* PBXContainerItemProxy */ = {
			isa = PBXContainerItemProxy;
			containerPortal = 743E68061FE1A82C002F2DD7 /* SQLite.xcodeproj */;
			proxyType = 2;
			remoteGlobalIDString = 03A65E631C6BB0F60062603F;
			remoteInfo = "SQLiteTests tvOS";
		};
		743E681C1FE1A82C002F2DD7 /* PBXContainerItemProxy */ = {
			isa = PBXContainerItemProxy;
			containerPortal = 743E68061FE1A82C002F2DD7 /* SQLite.xcodeproj */;
			proxyType = 2;
			remoteGlobalIDString = A121AC451CA35C79005A31D1;
			remoteInfo = "SQLite watchOS";
		};
		743E68201FE1A86D002F2DD7 /* PBXContainerItemProxy */ = {
			isa = PBXContainerItemProxy;
			containerPortal = 743E68061FE1A82C002F2DD7 /* SQLite.xcodeproj */;
			proxyType = 1;
			remoteGlobalIDString = EE247AD21C3F04ED00AE3E12;
			remoteInfo = "SQLite iOS";
		};
/* End PBXContainerItemProxy section */

/* Begin PBXCopyFilesBuildPhase section */
		74A869081F9BB24A00DD0A77 /* Embed Frameworks */ = {
			isa = PBXCopyFilesBuildPhase;
			buildActionMask = 2147483647;
			dstPath = "";
			dstSubfolderSpec = 10;
			files = (
				743E681F1FE1A86D002F2DD7 /* SQLite.framework in Embed Frameworks */,
			);
			name = "Embed Frameworks";
			runOnlyForDeploymentPostprocessing = 0;
		};
/* End PBXCopyFilesBuildPhase section */

/* Begin PBXFileReference section */
		7418E62A1FCAA0000052864A /* Employee.storyboard */ = {isa = PBXFileReference; lastKnownFileType = file.storyboard; path = Employee.storyboard; sourceTree = "<group>"; };
		741C7B9B1FD46EDA00489517 /* CategoryCell.swift */ = {isa = PBXFileReference; lastKnownFileType = sourcecode.swift; path = CategoryCell.swift; sourceTree = "<group>"; };
		741C7B9C1FD46EDA00489517 /* CategoryCell.xib */ = {isa = PBXFileReference; lastKnownFileType = file.xib; path = CategoryCell.xib; sourceTree = "<group>"; };
		742CFDA91FC08D1F00142F30 /* DataBaseConnection.swift */ = {isa = PBXFileReference; lastKnownFileType = sourcecode.swift; path = DataBaseConnection.swift; sourceTree = "<group>"; };
		742CFDAB1FC099AC00142F30 /* CarVC.swift */ = {isa = PBXFileReference; lastKnownFileType = sourcecode.swift; path = CarVC.swift; sourceTree = "<group>"; };
		742CFDAE1FC0A1B700142F30 /* Constants.swift */ = {isa = PBXFileReference; lastKnownFileType = sourcecode.swift; path = Constants.swift; sourceTree = "<group>"; };
		7431605C1FB88FE600B9ABFE /* CarCell.swift */ = {isa = PBXFileReference; lastKnownFileType = sourcecode.swift; path = CarCell.swift; sourceTree = "<group>"; };
		7431605D1FB88FE600B9ABFE /* CarCell.xib */ = {isa = PBXFileReference; lastKnownFileType = file.xib; path = CarCell.xib; sourceTree = "<group>"; };
		7435178A1FD6E2F5005A6644 /* ServiceVC.swift */ = {isa = PBXFileReference; lastKnownFileType = sourcecode.swift; path = ServiceVC.swift; sourceTree = "<group>"; };
		7435178C1FD6E30D005A6644 /* Service.storyboard */ = {isa = PBXFileReference; lastKnownFileType = file.storyboard; path = Service.storyboard; sourceTree = "<group>"; };
		743DCE0B1FCC89C700972141 /* AdminVC.swift */ = {isa = PBXFileReference; lastKnownFileType = sourcecode.swift; path = AdminVC.swift; sourceTree = "<group>"; };
		743E68061FE1A82C002F2DD7 /* SQLite.xcodeproj */ = {isa = PBXFileReference; lastKnownFileType = "wrapper.pb-project"; name = SQLite.xcodeproj; path = "../../Downloads/SQLite.swift-master/SQLite.xcodeproj"; sourceTree = "<group>"; };
		74541BBC1FD53893008D6F0A /* ServiceTypeVC.swift */ = {isa = PBXFileReference; lastKnownFileType = sourcecode.swift; path = ServiceTypeVC.swift; sourceTree = "<group>"; };
		747A88401FCC8A6A00491AD7 /* EmployeeVC.swift */ = {isa = PBXFileReference; lastKnownFileType = sourcecode.swift; path = EmployeeVC.swift; sourceTree = "<group>"; };
		747C4C7D1FDD5A050084812F /* ServiceCell.swift */ = {isa = PBXFileReference; lastKnownFileType = sourcecode.swift; path = ServiceCell.swift; sourceTree = "<group>"; };
		747C4C7E1FDD5A050084812F /* ServiceCell.xib */ = {isa = PBXFileReference; lastKnownFileType = file.xib; path = ServiceCell.xib; sourceTree = "<group>"; };
		7486EC351FC9890B00BA8BBF /* AdminRegisterVC.swift */ = {isa = PBXFileReference; lastKnownFileType = sourcecode.swift; path = AdminRegisterVC.swift; sourceTree = "<group>"; };
		7486EC531FC9AD6C00BA8BBF /* Owner.storyboard */ = {isa = PBXFileReference; lastKnownFileType = file.storyboard; path = Owner.storyboard; sourceTree = "<group>"; };
		74A0CF541FC1B18B00BF78DE /* UIViewController + SomethongGoWrongAlert.swift */ = {isa = PBXFileReference; lastKnownFileType = sourcecode.swift; path = "UIViewController + SomethongGoWrongAlert.swift"; sourceTree = "<group>"; };
		74A868D01F9BABB100DD0A77 /* CarService.app */ = {isa = PBXFileReference; explicitFileType = wrapper.application; includeInIndex = 0; path = CarService.app; sourceTree = BUILT_PRODUCTS_DIR; };
		74A868D31F9BABB100DD0A77 /* AppDelegate.swift */ = {isa = PBXFileReference; lastKnownFileType = sourcecode.swift; path = AppDelegate.swift; sourceTree = "<group>"; };
		74A868D81F9BABB100DD0A77 /* Base */ = {isa = PBXFileReference; lastKnownFileType = file.storyboard; name = Base; path = Base.lproj/Main.storyboard; sourceTree = "<group>"; };
		74A868DA1F9BABB100DD0A77 /* Assets.xcassets */ = {isa = PBXFileReference; lastKnownFileType = folder.assetcatalog; path = Assets.xcassets; sourceTree = "<group>"; };
		74A868DD1F9BABB100DD0A77 /* Base */ = {isa = PBXFileReference; lastKnownFileType = file.storyboard; name = Base; path = Base.lproj/LaunchScreen.storyboard; sourceTree = "<group>"; };
		74A868DF1F9BABB100DD0A77 /* Info.plist */ = {isa = PBXFileReference; lastKnownFileType = text.plist.xml; path = Info.plist; sourceTree = "<group>"; };
		74A8690F1F9BB6F800DD0A77 /* Car.swift */ = {isa = PBXFileReference; lastKnownFileType = sourcecode.swift; path = Car.swift; sourceTree = "<group>"; };
		74A869111F9BB71600DD0A77 /* Owner.swift */ = {isa = PBXFileReference; lastKnownFileType = sourcecode.swift; path = Owner.swift; sourceTree = "<group>"; };
		74A869131F9BB73100DD0A77 /* Service.swift */ = {isa = PBXFileReference; lastKnownFileType = sourcecode.swift; path = Service.swift; sourceTree = "<group>"; };
		74A869151F9BB74C00DD0A77 /* ServiceType.swift */ = {isa = PBXFileReference; lastKnownFileType = sourcecode.swift; path = ServiceType.swift; sourceTree = "<group>"; };
		74A869171F9BB77D00DD0A77 /* Employee.swift */ = {isa = PBXFileReference; lastKnownFileType = sourcecode.swift; path = Employee.swift; sourceTree = "<group>"; };
		74E20EDC1F9C9A8A0081E17B /* RegisterVC.swift */ = {isa = PBXFileReference; lastKnownFileType = sourcecode.swift; path = RegisterVC.swift; sourceTree = "<group>"; };
		74E20EE61F9CAA7A0081E17B /* UIImage + Blob.swift */ = {isa = PBXFileReference; lastKnownFileType = sourcecode.swift; path = "UIImage + Blob.swift"; sourceTree = "<group>"; };
		74FAF46A1FAF359800BFF755 /* LoginVC.swift */ = {isa = PBXFileReference; lastKnownFileType = sourcecode.swift; path = LoginVC.swift; sourceTree = "<group>"; };
		74FAF46C1FAF3C9C00BFF755 /* OwnerProfileVC.swift */ = {isa = PBXFileReference; lastKnownFileType = sourcecode.swift; path = OwnerProfileVC.swift; sourceTree = "<group>"; };
/* End PBXFileReference section */

/* Begin PBXFrameworksBuildPhase section */
		74A868CD1F9BABB100DD0A77 /* Frameworks */ = {
			isa = PBXFrameworksBuildPhase;
			buildActionMask = 2147483647;
			files = (
				743E681E1FE1A86D002F2DD7 /* SQLite.framework in Frameworks */,
			);
			runOnlyForDeploymentPostprocessing = 0;
		};
/* End PBXFrameworksBuildPhase section */

/* Begin PBXGroup section */
		742CFDAD1FC0A1A000142F30 /* Helper */ = {
			isa = PBXGroup;
			children = (
				742CFDAE1FC0A1B700142F30 /* Constants.swift */,
			);
			path = Helper;
			sourceTree = "<group>";
		};
		743E68071FE1A82C002F2DD7 /* Products */ = {
			isa = PBXGroup;
			children = (
				743E68111FE1A82C002F2DD7 /* SQLite.framework */,
				743E68131FE1A82C002F2DD7 /* SQLiteTests iOS.xctest */,
				743E68151FE1A82C002F2DD7 /* SQLite.framework */,
				743E68171FE1A82C002F2DD7 /* SQLiteTests Mac.xctest */,
				743E68191FE1A82C002F2DD7 /* SQLite.framework */,
				743E681B1FE1A82C002F2DD7 /* SQLiteTests tvOS.xctest */,
				743E681D1FE1A82C002F2DD7 /* SQLite.framework */,
			);
			name = Products;
			sourceTree = "<group>";
		};
		7486EC521FC9AC4700BA8BBF /* Storyboards */ = {
			isa = PBXGroup;
			children = (
				74A868D71F9BABB100DD0A77 /* Main.storyboard */,
				74A868DC1F9BABB100DD0A77 /* LaunchScreen.storyboard */,
				7486EC531FC9AD6C00BA8BBF /* Owner.storyboard */,
				7418E62A1FCAA0000052864A /* Employee.storyboard */,
				7435178C1FD6E30D005A6644 /* Service.storyboard */,
			);
			path = Storyboards;
			sourceTree = "<group>";
		};
		74A0CF381FC1B14900BF78DE /* Extension */ = {
			isa = PBXGroup;
			children = (
				74E20EE61F9CAA7A0081E17B /* UIImage + Blob.swift */,
				74A0CF541FC1B18B00BF78DE /* UIViewController + SomethongGoWrongAlert.swift */,
			);
			path = Extension;
			sourceTree = "<group>";
		};
		74A868C71F9BABB000DD0A77 = {
			isa = PBXGroup;
			children = (
				743E68061FE1A82C002F2DD7 /* SQLite.xcodeproj */,
				74A868D21F9BABB100DD0A77 /* CarService */,
				74A868D11F9BABB100DD0A77 /* Products */,
				74A868FD1F9BB0E200DD0A77 /* Frameworks */,
			);
			sourceTree = "<group>";
		};
		74A868D11F9BABB100DD0A77 /* Products */ = {
			isa = PBXGroup;
			children = (
				74A868D01F9BABB100DD0A77 /* CarService.app */,
			);
			name = Products;
			sourceTree = "<group>";
		};
		74A868D21F9BABB100DD0A77 /* CarService */ = {
			isa = PBXGroup;
			children = (
				7486EC521FC9AC4700BA8BBF /* Storyboards */,
				74A0CF381FC1B14900BF78DE /* Extension */,
				742CFDAD1FC0A1A000142F30 /* Helper */,
				74A868DF1F9BABB100DD0A77 /* Info.plist */,
				74A868D31F9BABB100DD0A77 /* AppDelegate.swift */,
				74A868DA1F9BABB100DD0A77 /* Assets.xcassets */,
				74A919AD1FB8A7A600056EAD /* Protocol */,
				74A8690B1F9BB69C00DD0A77 /* Views */,
				74A869091F9BB67F00DD0A77 /* Conctrollers */,
				74A8690A1F9BB69100DD0A77 /* Model */,
			);
			path = CarService;
			sourceTree = "<group>";
		};
		74A868FD1F9BB0E200DD0A77 /* Frameworks */ = {
			isa = PBXGroup;
			children = (
			);
			name = Frameworks;
			sourceTree = "<group>";
		};
		74A869091F9BB67F00DD0A77 /* Conctrollers */ = {
			isa = PBXGroup;
			children = (
				74E20EDC1F9C9A8A0081E17B /* RegisterVC.swift */,
				74FAF46A1FAF359800BFF755 /* LoginVC.swift */,
				74FAF46C1FAF3C9C00BFF755 /* OwnerProfileVC.swift */,
				742CFDAB1FC099AC00142F30 /* CarVC.swift */,
				7486EC351FC9890B00BA8BBF /* AdminRegisterVC.swift */,
				743DCE0B1FCC89C700972141 /* AdminVC.swift */,
				747A88401FCC8A6A00491AD7 /* EmployeeVC.swift */,
				74541BBC1FD53893008D6F0A /* ServiceTypeVC.swift */,
				7435178A1FD6E2F5005A6644 /* ServiceVC.swift */,
			);
			path = Conctrollers;
			sourceTree = "<group>";
		};
		74A8690A1F9BB69100DD0A77 /* Model */ = {
			isa = PBXGroup;
			children = (
				74A8690F1F9BB6F800DD0A77 /* Car.swift */,
				74A869111F9BB71600DD0A77 /* Owner.swift */,
				74A869131F9BB73100DD0A77 /* Service.swift */,
				74A869151F9BB74C00DD0A77 /* ServiceType.swift */,
				74A869171F9BB77D00DD0A77 /* Employee.swift */,
				742CFDA91FC08D1F00142F30 /* DataBaseConnection.swift */,
			);
			path = Model;
			sourceTree = "<group>";
		};
		74A8690B1F9BB69C00DD0A77 /* Views */ = {
			isa = PBXGroup;
			children = (
				7431605C1FB88FE600B9ABFE /* CarCell.swift */,
				7431605D1FB88FE600B9ABFE /* CarCell.xib */,
				741C7B9B1FD46EDA00489517 /* CategoryCell.swift */,
				741C7B9C1FD46EDA00489517 /* CategoryCell.xib */,
				747C4C7D1FDD5A050084812F /* ServiceCell.swift */,
				747C4C7E1FDD5A050084812F /* ServiceCell.xib */,
			);
			path = Views;
			sourceTree = "<group>";
		};
		74A919AD1FB8A7A600056EAD /* Protocol */ = {
			isa = PBXGroup;
			children = (
			);
			path = Protocol;
			sourceTree = "<group>";
		};
/* End PBXGroup section */

/* Begin PBXNativeTarget section */
		74A868CF1F9BABB100DD0A77 /* CarService */ = {
			isa = PBXNativeTarget;
			buildConfigurationList = 74A868E21F9BABB100DD0A77 /* Build configuration list for PBXNativeTarget "CarService" */;
			buildPhases = (
				74A868CC1F9BABB100DD0A77 /* Sources */,
				74A868CD1F9BABB100DD0A77 /* Frameworks */,
				74A868CE1F9BABB100DD0A77 /* Resources */,
				74A869081F9BB24A00DD0A77 /* Embed Frameworks */,
			);
			buildRules = (
			);
			dependencies = (
				743E68211FE1A86D002F2DD7 /* PBXTargetDependency */,
			);
			name = CarService;
			productName = CarService;
			productReference = 74A868D01F9BABB100DD0A77 /* CarService.app */;
			productType = "com.apple.product-type.application";
		};
/* End PBXNativeTarget section */

/* Begin PBXProject section */
		74A868C81F9BABB000DD0A77 /* Project object */ = {
			isa = PBXProject;
			attributes = {
				LastSwiftUpdateCheck = 0900;
				LastUpgradeCheck = 0900;
				ORGANIZATIONNAME = Egor;
				TargetAttributes = {
					74A868CF1F9BABB100DD0A77 = {
						CreatedOnToolsVersion = 9.0;
						ProvisioningStyle = Automatic;
					};
				};
			};
			buildConfigurationList = 74A868CB1F9BABB000DD0A77 /* Build configuration list for PBXProject "CarService" */;
			compatibilityVersion = "Xcode 8.0";
			developmentRegion = en;
			hasScannedForEncodings = 0;
			knownRegions = (
				en,
				Base,
			);
			mainGroup = 74A868C71F9BABB000DD0A77;
			productRefGroup = 74A868D11F9BABB100DD0A77 /* Products */;
			projectDirPath = "";
			projectReferences = (
				{
					ProductGroup = 743E68071FE1A82C002F2DD7 /* Products */;
					ProjectRef = 743E68061FE1A82C002F2DD7 /* SQLite.xcodeproj */;
				},
			);
			projectRoot = "";
			targets = (
				74A868CF1F9BABB100DD0A77 /* CarService */,
			);
		};
/* End PBXProject section */

/* Begin PBXReferenceProxy section */
		743E68111FE1A82C002F2DD7 /* SQLite.framework */ = {
			isa = PBXReferenceProxy;
			fileType = wrapper.framework;
			path = SQLite.framework;
			remoteRef = 743E68101FE1A82C002F2DD7 /* PBXContainerItemProxy */;
			sourceTree = BUILT_PRODUCTS_DIR;
		};
		743E68131FE1A82C002F2DD7 /* SQLiteTests iOS.xctest */ = {
			isa = PBXReferenceProxy;
			fileType = wrapper.cfbundle;
			path = "SQLiteTests iOS.xctest";
			remoteRef = 743E68121FE1A82C002F2DD7 /* PBXContainerItemProxy */;
			sourceTree = BUILT_PRODUCTS_DIR;
		};
		743E68151FE1A82C002F2DD7 /* SQLite.framework */ = {
			isa = PBXReferenceProxy;
			fileType = wrapper.framework;
			path = SQLite.framework;
			remoteRef = 743E68141FE1A82C002F2DD7 /* PBXContainerItemProxy */;
			sourceTree = BUILT_PRODUCTS_DIR;
		};
		743E68171FE1A82C002F2DD7 /* SQLiteTests Mac.xctest */ = {
			isa = PBXReferenceProxy;
			fileType = wrapper.cfbundle;
			path = "SQLiteTests Mac.xctest";
			remoteRef = 743E68161FE1A82C002F2DD7 /* PBXContainerItemProxy */;
			sourceTree = BUILT_PRODUCTS_DIR;
		};
		743E68191FE1A82C002F2DD7 /* SQLite.framework */ = {
			isa = PBXReferenceProxy;
			fileType = wrapper.framework;
			path = SQLite.framework;
			remoteRef = 743E68181FE1A82C002F2DD7 /* PBXContainerItemProxy */;
			sourceTree = BUILT_PRODUCTS_DIR;
		};
		743E681B1FE1A82C002F2DD7 /* SQLiteTests tvOS.xctest */ = {
			isa = PBXReferenceProxy;
			fileType = wrapper.cfbundle;
			path = "SQLiteTests tvOS.xctest";
			remoteRef = 743E681A1FE1A82C002F2DD7 /* PBXContainerItemProxy */;
			sourceTree = BUILT_PRODUCTS_DIR;
		};
		743E681D1FE1A82C002F2DD7 /* SQLite.framework */ = {
			isa = PBXReferenceProxy;
			fileType = wrapper.framework;
			path = SQLite.framework;
			remoteRef = 743E681C1FE1A82C002F2DD7 /* PBXContainerItemProxy */;
			sourceTree = BUILT_PRODUCTS_DIR;
		};
/* End PBXReferenceProxy section */

/* Begin PBXResourcesBuildPhase section */
		74A868CE1F9BABB100DD0A77 /* Resources */ = {
			isa = PBXResourcesBuildPhase;
			buildActionMask = 2147483647;
			files = (
				74A868DE1F9BABB100DD0A77 /* LaunchScreen.storyboard in Resources */,
				741C7B9E1FD46EDA00489517 /* CategoryCell.xib in Resources */,
				7435178D1FD6E30D005A6644 /* Service.storyboard in Resources */,
				74A868DB1F9BABB100DD0A77 /* Assets.xcassets in Resources */,
				7418E62B1FCAA0000052864A /* Employee.storyboard in Resources */,
				747C4C801FDD5A050084812F /* ServiceCell.xib in Resources */,
				7431605F1FB88FE600B9ABFE /* CarCell.xib in Resources */,
				74A868D91F9BABB100DD0A77 /* Main.storyboard in Resources */,
				7486EC541FC9AD6C00BA8BBF /* Owner.storyboard in Resources */,
			);
			runOnlyForDeploymentPostprocessing = 0;
		};
/* End PBXResourcesBuildPhase section */

/* Begin PBXSourcesBuildPhase section */
		74A868CC1F9BABB100DD0A77 /* Sources */ = {
			isa = PBXSourcesBuildPhase;
			buildActionMask = 2147483647;
			files = (
				742CFDAA1FC08D1F00142F30 /* DataBaseConnection.swift in Sources */,
				741C7B9D1FD46EDA00489517 /* CategoryCell.swift in Sources */,
				7435178B1FD6E2F5005A6644 /* ServiceVC.swift in Sources */,
				74E20EDD1F9C9A8A0081E17B /* RegisterVC.swift in Sources */,
				74A869121F9BB71600DD0A77 /* Owner.swift in Sources */,
				74FAF46D1FAF3C9C00BFF755 /* OwnerProfileVC.swift in Sources */,
				74A869141F9BB73100DD0A77 /* Service.swift in Sources */,
				74A869181F9BB77D00DD0A77 /* Employee.swift in Sources */,
				7431605E1FB88FE600B9ABFE /* CarCell.swift in Sources */,
				7486EC361FC9890B00BA8BBF /* AdminRegisterVC.swift in Sources */,
				747A88411FCC8A6A00491AD7 /* EmployeeVC.swift in Sources */,
				742CFDAC1FC099AC00142F30 /* CarVC.swift in Sources */,
				74E20EE71F9CAA7A0081E17B /* UIImage + Blob.swift in Sources */,
				74FAF46B1FAF359800BFF755 /* LoginVC.swift in Sources */,
				74A868D41F9BABB100DD0A77 /* AppDelegate.swift in Sources */,
				74541BBD1FD53893008D6F0A /* ServiceTypeVC.swift in Sources */,
				74A0CF551FC1B18B00BF78DE /* UIViewController + SomethongGoWrongAlert.swift in Sources */,
				747C4C7F1FDD5A050084812F /* ServiceCell.swift in Sources */,
				742CFDAF1FC0A1B700142F30 /* Constants.swift in Sources */,
				74A869101F9BB6F800DD0A77 /* Car.swift in Sources */,
				743DCE0C1FCC89C700972141 /* AdminVC.swift in Sources */,
				74A869161F9BB74C00DD0A77 /* ServiceType.swift in Sources */,
			);
			runOnlyForDeploymentPostprocessing = 0;
		};
/* End PBXSourcesBuildPhase section */

/* Begin PBXTargetDependency section */
		743E68211FE1A86D002F2DD7 /* PBXTargetDependency */ = {
			isa = PBXTargetDependency;
			name = "SQLite iOS";
			targetProxy = 743E68201FE1A86D002F2DD7 /* PBXContainerItemProxy */;
		};
/* End PBXTargetDependency section */

/* Begin PBXVariantGroup section */
		74A868D71F9BABB100DD0A77 /* Main.storyboard */ = {
			isa = PBXVariantGroup;
			children = (
				74A868D81F9BABB100DD0A77 /* Base */,
			);
			name = Main.storyboard;
			sourceTree = "<group>";
		};
		74A868DC1F9BABB100DD0A77 /* LaunchScreen.storyboard */ = {
			isa = PBXVariantGroup;
			children = (
				74A868DD1F9BABB100DD0A77 /* Base */,
			);
			name = LaunchScreen.storyboard;
			sourceTree = "<group>";
		};
/* End PBXVariantGroup section */

/* Begin XCBuildConfiguration section */
		74A868E01F9BABB100DD0A77 /* Debug */ = {
			isa = XCBuildConfiguration;
			buildSettings = {
				ALWAYS_SEARCH_USER_PATHS = NO;
				CLANG_ANALYZER_NONNULL = YES;
				CLANG_ANALYZER_NUMBER_OBJECT_CONVERSION = YES_AGGRESSIVE;
				CLANG_CXX_LANGUAGE_STANDARD = "gnu++14";
				CLANG_CXX_LIBRARY = "libc++";
				CLANG_ENABLE_MODULES = YES;
				CLANG_ENABLE_OBJC_ARC = YES;
				CLANG_WARN_BLOCK_CAPTURE_AUTORELEASING = YES;
				CLANG_WARN_BOOL_CONVERSION = YES;
				CLANG_WARN_COMMA = YES;
				CLANG_WARN_CONSTANT_CONVERSION = YES;
				CLANG_WARN_DIRECT_OBJC_ISA_USAGE = YES_ERROR;
				CLANG_WARN_DOCUMENTATION_COMMENTS = YES;
				CLANG_WARN_EMPTY_BODY = YES;
				CLANG_WARN_ENUM_CONVERSION = YES;
				CLANG_WARN_INFINITE_RECURSION = YES;
				CLANG_WARN_INT_CONVERSION = YES;
				CLANG_WARN_NON_LITERAL_NULL_CONVERSION = YES;
				CLANG_WARN_OBJC_LITERAL_CONVERSION = YES;
				CLANG_WARN_OBJC_ROOT_CLASS = YES_ERROR;
				CLANG_WARN_RANGE_LOOP_ANALYSIS = YES;
				CLANG_WARN_STRICT_PROTOTYPES = YES;
				CLANG_WARN_SUSPICIOUS_MOVE = YES;
				CLANG_WARN_UNGUARDED_AVAILABILITY = YES_AGGRESSIVE;
				CLANG_WARN_UNREACHABLE_CODE = YES;
				CLANG_WARN__DUPLICATE_METHOD_MATCH = YES;
				CODE_SIGN_IDENTITY = "iPhone Developer";
				COPY_PHASE_STRIP = NO;
				DEBUG_INFORMATION_FORMAT = dwarf;
				ENABLE_STRICT_OBJC_MSGSEND = YES;
				ENABLE_TESTABILITY = YES;
				GCC_C_LANGUAGE_STANDARD = gnu11;
				GCC_DYNAMIC_NO_PIC = NO;
				GCC_NO_COMMON_BLOCKS = YES;
				GCC_OPTIMIZATION_LEVEL = 0;
				GCC_PREPROCESSOR_DEFINITIONS = (
					"DEBUG=1",
					"$(inherited)",
				);
				GCC_WARN_64_TO_32_BIT_CONVERSION = YES;
				GCC_WARN_ABOUT_RETURN_TYPE = YES_ERROR;
				GCC_WARN_UNDECLARED_SELECTOR = YES;
				GCC_WARN_UNINITIALIZED_AUTOS = YES_AGGRESSIVE;
				GCC_WARN_UNUSED_FUNCTION = YES;
				GCC_WARN_UNUSED_VARIABLE = YES;
				IPHONEOS_DEPLOYMENT_TARGET = 11.0;
				MTL_ENABLE_DEBUG_INFO = YES;
				ONLY_ACTIVE_ARCH = YES;
				SDKROOT = iphoneos;
				SWIFT_ACTIVE_COMPILATION_CONDITIONS = DEBUG;
				SWIFT_OPTIMIZATION_LEVEL = "-Onone";
			};
			name = Debug;
		};
		74A868E11F9BABB100DD0A77 /* Release */ = {
			isa = XCBuildConfiguration;
			buildSettings = {
				ALWAYS_SEARCH_USER_PATHS = NO;
				CLANG_ANALYZER_NONNULL = YES;
				CLANG_ANALYZER_NUMBER_OBJECT_CONVERSION = YES_AGGRESSIVE;
				CLANG_CXX_LANGUAGE_STANDARD = "gnu++14";
				CLANG_CXX_LIBRARY = "libc++";
				CLANG_ENABLE_MODULES = YES;
				CLANG_ENABLE_OBJC_ARC = YES;
				CLANG_WARN_BLOCK_CAPTURE_AUTORELEASING = YES;
				CLANG_WARN_BOOL_CONVERSION = YES;
				CLANG_WARN_COMMA = YES;
				CLANG_WARN_CONSTANT_CONVERSION = YES;
				CLANG_WARN_DIRECT_OBJC_ISA_USAGE = YES_ERROR;
				CLANG_WARN_DOCUMENTATION_COMMENTS = YES;
				CLANG_WARN_EMPTY_BODY = YES;
				CLANG_WARN_ENUM_CONVERSION = YES;
				CLANG_WARN_INFINITE_RECURSION = YES;
				CLANG_WARN_INT_CONVERSION = YES;
				CLANG_WARN_NON_LITERAL_NULL_CONVERSION = YES;
				CLANG_WARN_OBJC_LITERAL_CONVERSION = YES;
				CLANG_WARN_OBJC_ROOT_CLASS = YES_ERROR;
				CLANG_WARN_RANGE_LOOP_ANALYSIS = YES;
				CLANG_WARN_STRICT_PROTOTYPES = YES;
				CLANG_WARN_SUSPICIOUS_MOVE = YES;
				CLANG_WARN_UNGUARDED_AVAILABILITY = YES_AGGRESSIVE;
				CLANG_WARN_UNREACHABLE_CODE = YES;
				CLANG_WARN__DUPLICATE_METHOD_MATCH = YES;
				CODE_SIGN_IDENTITY = "iPhone Developer";
				COPY_PHASE_STRIP = NO;
				DEBUG_INFORMATION_FORMAT = "dwarf-with-dsym";
				ENABLE_NS_ASSERTIONS = NO;
				ENABLE_STRICT_OBJC_MSGSEND = YES;
				GCC_C_LANGUAGE_STANDARD = gnu11;
				GCC_NO_COMMON_BLOCKS = YES;
				GCC_WARN_64_TO_32_BIT_CONVERSION = YES;
				GCC_WARN_ABOUT_RETURN_TYPE = YES_ERROR;
				GCC_WARN_UNDECLARED_SELECTOR = YES;
				GCC_WARN_UNINITIALIZED_AUTOS = YES_AGGRESSIVE;
				GCC_WARN_UNUSED_FUNCTION = YES;
				GCC_WARN_UNUSED_VARIABLE = YES;
				IPHONEOS_DEPLOYMENT_TARGET = 11.0;
				MTL_ENABLE_DEBUG_INFO = NO;
				SDKROOT = iphoneos;
				SWIFT_OPTIMIZATION_LEVEL = "-Owholemodule";
				VALIDATE_PRODUCT = YES;
			};
			name = Release;
		};
		74A868E31F9BABB100DD0A77 /* Debug */ = {
			isa = XCBuildConfiguration;
			buildSettings = {
				ALWAYS_EMBED_SWIFT_STANDARD_LIBRARIES = YES;
				ASSETCATALOG_COMPILER_APPICON_NAME = AppIcon;
				CODE_SIGN_STYLE = Automatic;
				DEVELOPMENT_TEAM = BB6356MAF8;
				INFOPLIST_FILE = CarService/Info.plist;
				LD_RUNPATH_SEARCH_PATHS = "$(inherited) @executable_path/Frameworks";
				PRODUCT_BUNDLE_IDENTIFIER = Egor.CarService;
				PRODUCT_NAME = "$(TARGET_NAME)";
				SWIFT_VERSION = 4.0;
				TARGETED_DEVICE_FAMILY = "1,2";
			};
			name = Debug;
		};
		74A868E41F9BABB100DD0A77 /* Release */ = {
			isa = XCBuildConfiguration;
			buildSettings = {
				ALWAYS_EMBED_SWIFT_STANDARD_LIBRARIES = YES;
				ASSETCATALOG_COMPILER_APPICON_NAME = AppIcon;
				CODE_SIGN_STYLE = Automatic;
				DEVELOPMENT_TEAM = BB6356MAF8;
				INFOPLIST_FILE = CarService/Info.plist;
				LD_RUNPATH_SEARCH_PATHS = "$(inherited) @executable_path/Frameworks";
				PRODUCT_BUNDLE_IDENTIFIER = Egor.CarService;
				PRODUCT_NAME = "$(TARGET_NAME)";
				SWIFT_VERSION = 4.0;
				TARGETED_DEVICE_FAMILY = "1,2";
			};
			name = Release;
		};
/* End XCBuildConfiguration section */

/* Begin XCConfigurationList section */
		74A868CB1F9BABB000DD0A77 /* Build configuration list for PBXProject "CarService" */ = {
			isa = XCConfigurationList;
			buildConfigurations = (
				74A868E01F9BABB100DD0A77 /* Debug */,
				74A868E11F9BABB100DD0A77 /* Release */,
			);
			defaultConfigurationIsVisible = 0;
			defaultConfigurationName = Release;
		};
		74A868E21F9BABB100DD0A77 /* Build configuration list for PBXNativeTarget "CarService" */ = {
			isa = XCConfigurationList;
			buildConfigurations = (
				74A868E31F9BABB100DD0A77 /* Debug */,
				74A868E41F9BABB100DD0A77 /* Release */,
			);
			defaultConfigurationIsVisible = 0;
			defaultConfigurationName = Release;
		};
/* End XCConfigurationList section */
	};
	rootObject = 74A868C81F9BABB000DD0A77 /* Project object */;
}
